
Microsoft Visual Studio Solution File, Format Version 12.00
# Visual Studio Version 17
VisualStudioVersion = 17.6.33829.357
MinimumVisualStudioVersion = 10.0.40219.1
Project("{9A19103F-16F7-4668-BE54-9A1E7A4F7556}") = "ProcessHub.API", "ProcessHub\ProcessHub.API.csproj", "{392DA542-4CD1-4757-83F2-B00F1023CAC6}"
EndProject
Project("{9A19103F-16F7-4668-BE54-9A1E7A4F7556}") = "ProcessHub.Domain", "ProcessHub.Domain\ProcessHub.Domain.csproj", "{ABE8620A-FE54-42F3-AE43-5A21AC60A2E3}"
EndProject
Project("{2150E333-8FDC-42A3-9474-1A3956D46DE8}") = "Common", "Common", "{3B38D971-0F82-4E1A-9860-6AB4E9E4FC07}"
EndProject
Project("{FAE04EC0-301F-11D3-BF4B-00C04F79EFBC}") = "Infrastructure", "Infrastructure\Infrastructure.csproj", "{0FDBF6BC-1392-4AC5-98CC-E5228470EAD0}"
EndProject
Global
	GlobalSection(SolutionConfigurationPlatforms) = preSolution
		Debug|Any CPU = Debug|Any CPU
		Release|Any CPU = Release|Any CPU
	EndGlobalSection
	GlobalSection(ProjectConfigurationPlatforms) = postSolution
		{392DA542-4CD1-4757-83F2-B00F1023CAC6}.Debug|Any CPU.ActiveCfg = Debug|Any CPU
		{392DA542-4CD1-4757-83F2-B00F1023CAC6}.Debug|Any CPU.Build.0 = Debug|Any CPU
		{392DA542-4CD1-4757-83F2-B00F1023CAC6}.Release|Any CPU.ActiveCfg = Release|Any CPU
		{392DA542-4CD1-4757-83F2-B00F1023CAC6}.Release|Any CPU.Build.0 = Release|Any CPU
		{ABE8620A-FE54-42F3-AE43-5A21AC60A2E3}.Debug|Any CPU.ActiveCfg = Debug|Any CPU
		{ABE8620A-FE54-42F3-AE43-5A21AC60A2E3}.Debug|Any CPU.Build.0 = Debug|Any CPU
		{ABE8620A-FE54-42F3-AE43-5A21AC60A2E3}.Release|Any CPU.ActiveCfg = Release|Any CPU
		{ABE8620A-FE54-42F3-AE43-5A21AC60A2E3}.Release|Any CPU.Build.0 = Release|Any CPU
		{0FDBF6BC-1392-4AC5-98CC-E5228470EAD0}.Debug|Any CPU.ActiveCfg = Debug|Any CPU
		{0FDBF6BC-1392-4AC5-98CC-E5228470EAD0}.Debug|Any CPU.Build.0 = Debug|Any CPU
		{0FDBF6BC-1392-4AC5-98CC-E5228470EAD0}.Release|Any CPU.ActiveCfg = Release|Any CPU
		{0FDBF6BC-1392-4AC5-98CC-E5228470EAD0}.Release|Any CPU.Build.0 = Release|Any CPU
	EndGlobalSection
	GlobalSection(SolutionProperties) = preSolution
		HideSolutionNode = FALSE
	EndGlobalSection
	GlobalSection(NestedProjects) = preSolution
		{0FDBF6BC-1392-4AC5-98CC-E5228470EAD0} = {3B38D971-0F82-4E1A-9860-6AB4E9E4FC07}
	EndGlobalSection
	GlobalSection(ExtensibilityGlobals) = postSolution
		SolutionGuid = {20111B30-7857-4267-B788-193AC1FA456F}
	EndGlobalSection
EndGlobal
