
Microsoft Visual Studio Solution File, Format Version 12.00
# Visual Studio Version 17
VisualStudioVersion = 17.0.31912.275
MinimumVisualStudioVersion = 10.0.40219.1
Project("{9A19103F-16F7-4668-BE54-9A1E7A4F7556}") = "AtyService.Core", "AtyService.Core\AtyService.Core.csproj", "{1AEC45A7-443B-434E-8711-129C25C0B503}"
EndProject
Project("{9A19103F-16F7-4668-BE54-9A1E7A4F7556}") = "AtyService.Tests", "API.Test\AtyService.Tests.csproj", "{8D415391-77E9-4F09-81BC-64AE799663DD}"
EndProject
Project("{888888A0-9F3D-457C-B088-3A5042F75D52}") = "Webhook.Client.Tests", "Webhook.Client.Tests\Webhook.Client.Tests.pyproj", "{8C9DA754-A84E-4915-87D3-014C2D14A7AD}"
EndProject
Global
	GlobalSection(SolutionConfigurationPlatforms) = preSolution
		Debug|Any CPU = Debug|Any CPU
		Release|Any CPU = Release|Any CPU
	EndGlobalSection
	GlobalSection(ProjectConfigurationPlatforms) = postSolution
		{1AEC45A7-443B-434E-8711-129C25C0B503}.Debug|Any CPU.ActiveCfg = Debug|Any CPU
		{1AEC45A7-443B-434E-8711-129C25C0B503}.Debug|Any CPU.Build.0 = Debug|Any CPU
		{1AEC45A7-443B-434E-8711-129C25C0B503}.Release|Any CPU.ActiveCfg = Release|Any CPU
		{1AEC45A7-443B-434E-8711-129C25C0B503}.Release|Any CPU.Build.0 = Release|Any CPU
		{8D415391-77E9-4F09-81BC-64AE799663DD}.Debug|Any CPU.ActiveCfg = Debug|Any CPU
		{8D415391-77E9-4F09-81BC-64AE799663DD}.Debug|Any CPU.Build.0 = Debug|Any CPU
		{8D415391-77E9-4F09-81BC-64AE799663DD}.Release|Any CPU.ActiveCfg = Release|Any CPU
		{8D415391-77E9-4F09-81BC-64AE799663DD}.Release|Any CPU.Build.0 = Release|Any CPU
		{8C9DA754-A84E-4915-87D3-014C2D14A7AD}.Debug|Any CPU.ActiveCfg = Debug|Any CPU
		{8C9DA754-A84E-4915-87D3-014C2D14A7AD}.Release|Any CPU.ActiveCfg = Release|Any CPU
	EndGlobalSection
	GlobalSection(SolutionProperties) = preSolution
		HideSolutionNode = FALSE
	EndGlobalSection
	GlobalSection(ExtensibilityGlobals) = postSolution
		SolutionGuid = {83420A65-9353-4A81-82E8-F60DD2823D24}
	EndGlobalSection
EndGlobal
